// !$*UTF8*$!
{
	archiveVersion = 1;
	classes = {
	};
	objectVersion = 50;
	objects = {

/* Begin PBXBuildFile section */
		7109EC4522BD4529007AF14C /* FirstViewController.swift in Sources */ = {isa = PBXBuildFile; fileRef = 7109EC4422BD4529007AF14C /* FirstViewController.swift */; };
		715F02A322BCBF54000996E8 /* AppDelegate.swift in Sources */ = {isa = PBXBuildFile; fileRef = 715F02A222BCBF54000996E8 /* AppDelegate.swift */; };
		715F02AA22BCBF57000996E8 /* Assets.xcassets in Resources */ = {isa = PBXBuildFile; fileRef = 715F02A922BCBF57000996E8 /* Assets.xcassets */; };
		715F02AD22BCBF57000996E8 /* LaunchScreen.storyboard in Resources */ = {isa = PBXBuildFile; fileRef = 715F02AB22BCBF57000996E8 /* LaunchScreen.storyboard */; };
		715F02C322BCD605000996E8 /* ScannerVC.swift in Sources */ = {isa = PBXBuildFile; fileRef = 715F02BE22BCD605000996E8 /* ScannerVC.swift */; };
		715F02C922BCD9A9000996E8 /* ShowPhotoVC.swift in Sources */ = {isa = PBXBuildFile; fileRef = 715F02C822BCD9A9000996E8 /* ShowPhotoVC.swift */; };
		71D6658B22FDF8A6006A4AD7 /* ImageRecognitionVC.swift in Sources */ = {isa = PBXBuildFile; fileRef = 71D6658A22FDF8A6006A4AD7 /* ImageRecognitionVC.swift */; };
		71D6658D22FDF9B7006A4AD7 /* Resnet50.mlmodel in Sources */ = {isa = PBXBuildFile; fileRef = 71D6658C22FDF9B7006A4AD7 /* Resnet50.mlmodel */; };
/* End PBXBuildFile section */

/* Begin PBXFileReference section */
		7109EC4422BD4529007AF14C /* FirstViewController.swift */ = {isa = PBXFileReference; fileEncoding = 4; lastKnownFileType = sourcecode.swift; path = FirstViewController.swift; sourceTree = "<group>"; };
		715F029F22BCBF54000996E8 /* MurchScannerPractice.app */ = {isa = PBXFileReference; explicitFileType = wrapper.application; includeInIndex = 0; path = MurchScannerPractice.app; sourceTree = BUILT_PRODUCTS_DIR; };
		715F02A222BCBF54000996E8 /* AppDelegate.swift */ = {isa = PBXFileReference; lastKnownFileType = sourcecode.swift; path = AppDelegate.swift; sourceTree = "<group>"; };
		715F02A922BCBF57000996E8 /* Assets.xcassets */ = {isa = PBXFileReference; lastKnownFileType = folder.assetcatalog; path = Assets.xcassets; sourceTree = "<group>"; };
		715F02AC22BCBF57000996E8 /* Base */ = {isa = PBXFileReference; lastKnownFileType = file.storyboard; name = Base; path = Base.lproj/LaunchScreen.storyboard; sourceTree = "<group>"; };
		715F02AE22BCBF57000996E8 /* Info.plist */ = {isa = PBXFileReference; lastKnownFileType = text.plist.xml; path = Info.plist; sourceTree = "<group>"; };
		715F02BE22BCD605000996E8 /* ScannerVC.swift */ = {isa = PBXFileReference; fileEncoding = 4; lastKnownFileType = sourcecode.swift; path = ScannerVC.swift; sourceTree = "<group>"; };
		715F02C822BCD9A9000996E8 /* ShowPhotoVC.swift */ = {isa = PBXFileReference; lastKnownFileType = sourcecode.swift; path = ShowPhotoVC.swift; sourceTree = "<group>"; };
		71D6658A22FDF8A6006A4AD7 /* ImageRecognitionVC.swift */ = {isa = PBXFileReference; lastKnownFileType = sourcecode.swift; path = ImageRecognitionVC.swift; sourceTree = "<group>"; };
		71D6658C22FDF9B7006A4AD7 /* Resnet50.mlmodel */ = {isa = PBXFileReference; lastKnownFileType = file.mlmodel; path = Resnet50.mlmodel; sourceTree = "<group>"; };
/* End PBXFileReference section */

/* Begin PBXFrameworksBuildPhase section */
		715F029C22BCBF54000996E8 /* Frameworks */ = {
			isa = PBXFrameworksBuildPhase;
			buildActionMask = 2147483647;
			files = (
			);
			runOnlyForDeploymentPostprocessing = 0;
		};
/* End PBXFrameworksBuildPhase section */

/* Begin PBXGroup section */
		715F029622BCBF54000996E8 = {
			isa = PBXGroup;
			children = (
				715F02A122BCBF54000996E8 /* MurchScannerPractice */,
				715F02A022BCBF54000996E8 /* Products */,
			);
			sourceTree = "<group>";
		};
		715F02A022BCBF54000996E8 /* Products */ = {
			isa = PBXGroup;
			children = (
				715F029F22BCBF54000996E8 /* MurchScannerPractice.app */,
			);
			name = Products;
			sourceTree = "<group>";
		};
		715F02A122BCBF54000996E8 /* MurchScannerPractice */ = {
			isa = PBXGroup;
			children = (
				715F02A222BCBF54000996E8 /* AppDelegate.swift */,
				71D6658C22FDF9B7006A4AD7 /* Resnet50.mlmodel */,
				715F02CA22BCD9B0000996E8 /* view */,
				715F02A922BCBF57000996E8 /* Assets.xcassets */,
				715F02AB22BCBF57000996E8 /* LaunchScreen.storyboard */,
				715F02AE22BCBF57000996E8 /* Info.plist */,
			);
			path = MurchScannerPractice;
			sourceTree = "<group>";
		};
		715F02CA22BCD9B0000996E8 /* view */ = {
			isa = PBXGroup;
			children = (
				7109EC4422BD4529007AF14C /* FirstViewController.swift */,
				715F02C822BCD9A9000996E8 /* ShowPhotoVC.swift */,
				715F02BE22BCD605000996E8 /* ScannerVC.swift */,
				71D6658A22FDF8A6006A4AD7 /* ImageRecognitionVC.swift */,
			);
			path = view;
			sourceTree = "<group>";
		};
/* End PBXGroup section */

/* Begin PBXNativeTarget section */
		715F029E22BCBF54000996E8 /* MurchScannerPractice */ = {
			isa = PBXNativeTarget;
			buildConfigurationList = 715F02B122BCBF57000996E8 /* Build configuration list for PBXNativeTarget "MurchScannerPractice" */;
			buildPhases = (
				715F029B22BCBF54000996E8 /* Sources */,
				715F029C22BCBF54000996E8 /* Frameworks */,
				715F029D22BCBF54000996E8 /* Resources */,
			);
			buildRules = (
			);
			dependencies = (
			);
			name = MurchScannerPractice;
			productName = MurchScannerPractice;
			productReference = 715F029F22BCBF54000996E8 /* MurchScannerPractice.app */;
			productType = "com.apple.product-type.application";
		};
/* End PBXNativeTarget section */

/* Begin PBXProject section */
		715F029722BCBF54000996E8 /* Project object */ = {
			isa = PBXProject;
			attributes = {
				LastSwiftUpdateCheck = 1020;
				LastUpgradeCheck = 1020;
				ORGANIZATIONNAME = "Hunter Buxton";
				TargetAttributes = {
					715F029E22BCBF54000996E8 = {
						CreatedOnToolsVersion = 10.2.1;
					};
				};
			};
			buildConfigurationList = 715F029A22BCBF54000996E8 /* Build configuration list for PBXProject "MurchScannerPractice" */;
			compatibilityVersion = "Xcode 9.3";
			developmentRegion = en;
			hasScannedForEncodings = 0;
			knownRegions = (
				en,
				Base,
			);
			mainGroup = 715F029622BCBF54000996E8;
			productRefGroup = 715F02A022BCBF54000996E8 /* Products */;
			projectDirPath = "";
			projectRoot = "";
			targets = (
				715F029E22BCBF54000996E8 /* MurchScannerPractice */,
			);
		};
/* End PBXProject section */

/* Begin PBXResourcesBuildPhase section */
		715F029D22BCBF54000996E8 /* Resources */ = {
			isa = PBXResourcesBuildPhase;
			buildActionMask = 2147483647;
			files = (
				715F02AD22BCBF57000996E8 /* LaunchScreen.storyboard in Resources */,
				715F02AA22BCBF57000996E8 /* Assets.xcassets in Resources */,
			);
			runOnlyForDeploymentPostprocessing = 0;
		};
/* End PBXResourcesBuildPhase section */

/* Begin PBXSourcesBuildPhase section */
		715F029B22BCBF54000996E8 /* Sources */ = {
			isa = PBXSourcesBuildPhase;
			buildActionMask = 2147483647;
			files = (
				7109EC4522BD4529007AF14C /* FirstViewController.swift in Sources */,
				715F02C922BCD9A9000996E8 /* ShowPhotoVC.swift in Sources */,
				71D6658B22FDF8A6006A4AD7 /* ImageRecognitionVC.swift in Sources */,
				715F02C322BCD605000996E8 /* ScannerVC.swift in Sources */,
				71D6658D22FDF9B7006A4AD7 /* Resnet50.mlmodel in Sources */,
				715F02A322BCBF54000996E8 /* AppDelegate.swift in Sources */,
			);
			runOnlyForDeploymentPostprocessing = 0;
		};
/* End PBXSourcesBuildPhase section */

/* Begin PBXVariantGroup section */
		715F02AB22BCBF57000996E8 /* LaunchScreen.storyboard */ = {
			isa = PBXVariantGroup;
			children = (
				715F02AC22BCBF57000996E8 /* Base */,
			);
			name = LaunchScreen.storyboard;
			sourceTree = "<group>";
		};
/* End PBXVariantGroup section */

/* Begin XCBuildConfiguration section */
		715F02AF22BCBF57000996E8 /* Debug */ = {
			isa = XCBuildConfiguration;
			buildSettings = {
				ALWAYS_SEARCH_USER_PATHS = NO;
				CLANG_ANALYZER_NONNULL = YES;
				CLANG_ANALYZER_NUMBER_OBJECT_CONVERSION = YES_AGGRESSIVE;
				CLANG_CXX_LANGUAGE_STANDARD = "gnu++14";
				CLANG_CXX_LIBRARY = "libc++";
				CLANG_ENABLE_MODULES = YES;
				CLANG_ENABLE_OBJC_ARC = YES;
				CLANG_ENABLE_OBJC_WEAK = YES;
				CLANG_WARN_BLOCK_CAPTURE_AUTORELEASING = YES;
				CLANG_WARN_BOOL_CONVERSION = YES;
				CLANG_WARN_COMMA = YES;
				CLANG_WARN_CONSTANT_CONVERSION = YES;
				CLANG_WARN_DEPRECATED_OBJC_IMPLEMENTATIONS = YES;
				CLANG_WARN_DIRECT_OBJC_ISA_USAGE = YES_ERROR;
				CLANG_WARN_DOCUMENTATION_COMMENTS = YES;
				CLANG_WARN_EMPTY_BODY = YES;
				CLANG_WARN_ENUM_CONVERSION = YES;
				CLANG_WARN_INFINITE_RECURSION = YES;
				CLANG_WARN_INT_CONVERSION = YES;
				CLANG_WARN_NON_LITERAL_NULL_CONVERSION = YES;
				CLANG_WARN_OBJC_IMPLICIT_RETAIN_SELF = YES;
				CLANG_WARN_OBJC_LITERAL_CONVERSION = YES;
				CLANG_WARN_OBJC_ROOT_CLASS = YES_ERROR;
				CLANG_WARN_RANGE_LOOP_ANALYSIS = YES;
				CLANG_WARN_STRICT_PROTOTYPES = YES;
				CLANG_WARN_SUSPICIOUS_MOVE = YES;
				CLANG_WARN_UNGUARDED_AVAILABILITY = YES_AGGRESSIVE;
				CLANG_WARN_UNREACHABLE_CODE = YES;
				CLANG_WARN__DUPLICATE_METHOD_MATCH = YES;
				CODE_SIGN_IDENTITY = "iPhone Developer";
				COPY_PHASE_STRIP = NO;
				DEBUG_INFORMATION_FORMAT = dwarf;
				ENABLE_STRICT_OBJC_MSGSEND = YES;
				ENABLE_TESTABILITY = YES;
				GCC_C_LANGUAGE_STANDARD = gnu11;
				GCC_DYNAMIC_NO_PIC = NO;
				GCC_NO_COMMON_BLOCKS = YES;
				GCC_OPTIMIZATION_LEVEL = 0;
				GCC_PREPROCESSOR_DEFINITIONS = (
					"DEBUG=1",
					"$(inherited)",
				);
				GCC_WARN_64_TO_32_BIT_CONVERSION = YES;
				GCC_WARN_ABOUT_RETURN_TYPE = YES_ERROR;
				GCC_WARN_UNDECLARED_SELECTOR = YES;
				GCC_WARN_UNINITIALIZED_AUTOS = YES_AGGRESSIVE;
				GCC_WARN_UNUSED_FUNCTION = YES;
				GCC_WARN_UNUSED_VARIABLE = YES;
				IPHONEOS_DEPLOYMENT_TARGET = 12.2;
				MTL_ENABLE_DEBUG_INFO = INCLUDE_SOURCE;
				MTL_FAST_MATH = YES;
				ONLY_ACTIVE_ARCH = YES;
				SDKROOT = iphoneos;
				SWIFT_ACTIVE_COMPILATION_CONDITIONS = DEBUG;
				SWIFT_OPTIMIZATION_LEVEL = "-Onone";
			};
			name = Debug;
		};
		715F02B022BCBF57000996E8 /* Release */ = {
			isa = XCBuildConfiguration;
			buildSettings = {
				ALWAYS_SEARCH_USER_PATHS = NO;
				CLANG_ANALYZER_NONNULL = YES;
				CLANG_ANALYZER_NUMBER_OBJECT_CONVERSION = YES_AGGRESSIVE;
				CLANG_CXX_LANGUAGE_STANDARD = "gnu++14";
				CLANG_CXX_LIBRARY = "libc++";
				CLANG_ENABLE_MODULES = YES;
				CLANG_ENABLE_OBJC_ARC = YES;
				CLANG_ENABLE_OBJC_WEAK = YES;
				CLANG_WARN_BLOCK_CAPTURE_AUTORELEASING = YES;
				CLANG_WARN_BOOL_CONVERSION = YES;
				CLANG_WARN_COMMA = YES;
				CLANG_WARN_CONSTANT_CONVERSION = YES;
				CLANG_WARN_DEPRECATED_OBJC_IMPLEMENTATIONS = YES;
				CLANG_WARN_DIRECT_OBJC_ISA_USAGE = YES_ERROR;
				CLANG_WARN_DOCUMENTATION_COMMENTS = YES;
				CLANG_WARN_EMPTY_BODY = YES;
				CLANG_WARN_ENUM_CONVERSION = YES;
				CLANG_WARN_INFINITE_RECURSION = YES;
				CLANG_WARN_INT_CONVERSION = YES;
				CLANG_WARN_NON_LITERAL_NULL_CONVERSION = YES;
				CLANG_WARN_OBJC_IMPLICIT_RETAIN_SELF = YES;
				CLANG_WARN_OBJC_LITERAL_CONVERSION = YES;
				CLANG_WARN_OBJC_ROOT_CLASS = YES_ERROR;
				CLANG_WARN_RANGE_LOOP_ANALYSIS = YES;
				CLANG_WARN_STRICT_PROTOTYPES = YES;
				CLANG_WARN_SUSPICIOUS_MOVE = YES;
				CLANG_WARN_UNGUARDED_AVAILABILITY = YES_AGGRESSIVE;
				CLANG_WARN_UNREACHABLE_CODE = YES;
				CLANG_WARN__DUPLICATE_METHOD_MATCH = YES;
				CODE_SIGN_IDENTITY = "iPhone Developer";
				COPY_PHASE_STRIP = NO;
				DEBUG_INFORMATION_FORMAT = "dwarf-with-dsym";
				ENABLE_NS_ASSERTIONS = NO;
				ENABLE_STRICT_OBJC_MSGSEND = YES;
				GCC_C_LANGUAGE_STANDARD = gnu11;
				GCC_NO_COMMON_BLOCKS = YES;
				GCC_WARN_64_TO_32_BIT_CONVERSION = YES;
				GCC_WARN_ABOUT_RETURN_TYPE = YES_ERROR;
				GCC_WARN_UNDECLARED_SELECTOR = YES;
				GCC_WARN_UNINITIALIZED_AUTOS = YES_AGGRESSIVE;
				GCC_WARN_UNUSED_FUNCTION = YES;
				GCC_WARN_UNUSED_VARIABLE = YES;
				IPHONEOS_DEPLOYMENT_TARGET = 12.2;
				MTL_ENABLE_DEBUG_INFO = NO;
				MTL_FAST_MATH = YES;
				SDKROOT = iphoneos;
				SWIFT_COMPILATION_MODE = wholemodule;
				SWIFT_OPTIMIZATION_LEVEL = "-O";
				VALIDATE_PRODUCT = YES;
			};
			name = Release;
		};
		715F02B222BCBF57000996E8 /* Debug */ = {
			isa = XCBuildConfiguration;
			buildSettings = {
				ASSETCATALOG_COMPILER_APPICON_NAME = AppIcon;
				CODE_SIGN_STYLE = Automatic;
				DEVELOPMENT_TEAM = L34A7YSYGT;
				INFOPLIST_FILE = MurchScannerPractice/Info.plist;
				LD_RUNPATH_SEARCH_PATHS = (
					"$(inherited)",
					"@executable_path/Frameworks",
				);
				PRODUCT_BUNDLE_IDENTIFIER = com.HunterBuxton.MurchScannerPractice;
				PRODUCT_NAME = "$(TARGET_NAME)";
				SWIFT_VERSION = 5.0;
				TARGETED_DEVICE_FAMILY = "1,2";
			};
			name = Debug;
		};
		715F02B322BCBF57000996E8 /* Release */ = {
			isa = XCBuildConfiguration;
			buildSettings = {
				ASSETCATALOG_COMPILER_APPICON_NAME = AppIcon;
				CODE_SIGN_STYLE = Automatic;
				DEVELOPMENT_TEAM = L34A7YSYGT;
				INFOPLIST_FILE = MurchScannerPractice/Info.plist;
				LD_RUNPATH_SEARCH_PATHS = (
					"$(inherited)",
					"@executable_path/Frameworks",
				);
				PRODUCT_BUNDLE_IDENTIFIER = com.HunterBuxton.MurchScannerPractice;
				PRODUCT_NAME = "$(TARGET_NAME)";
				SWIFT_VERSION = 5.0;
				TARGETED_DEVICE_FAMILY = "1,2";
			};
			name = Release;
		};
/* End XCBuildConfiguration section */

/* Begin XCConfigurationList section */
		715F029A22BCBF54000996E8 /* Build configuration list for PBXProject "MurchScannerPractice" */ = {
			isa = XCConfigurationList;
			buildConfigurations = (
				715F02AF22BCBF57000996E8 /* Debug */,
				715F02B022BCBF57000996E8 /* Release */,
			);
			defaultConfigurationIsVisible = 0;
			defaultConfigurationName = Release;
		};
		715F02B122BCBF57000996E8 /* Build configuration list for PBXNativeTarget "MurchScannerPractice" */ = {
			isa = XCConfigurationList;
			buildConfigurations = (
				715F02B222BCBF57000996E8 /* Debug */,
				715F02B322BCBF57000996E8 /* Release */,
			);
			defaultConfigurationIsVisible = 0;
			defaultConfigurationName = Release;
		};
/* End XCConfigurationList section */
	};
	rootObject = 715F029722BCBF54000996E8 /* Project object */;
}
